
Microsoft Visual Studio Solution File, Format Version 12.00
# Visual Studio Version 17
VisualStudioVersion = 17.7.34202.233
MinimumVisualStudioVersion = 10.0.40219.1
Project("{FAE04EC0-301F-11D3-BF4B-00C04F79EFBC}") = "ADONET", "ADONET.csproj", "{7303D201-A828-4AAE-88F5-9CFFAC529127}"
EndProject
Global
	GlobalSection(SolutionConfigurationPlatforms) = preSolution
		Debug|Any CPU = Debug|Any CPU
		Release|Any CPU = Release|Any CPU
	EndGlobalSection
	GlobalSection(ProjectConfigurationPlatforms) = postSolution
		{7303D201-A828-4AAE-88F5-9CFFAC529127}.Debug|Any CPU.ActiveCfg = Debug|Any CPU
		{7303D201-A828-4AAE-88F5-9CFFAC529127}.Debug|Any CPU.Build.0 = Debug|Any CPU
		{7303D201-A828-4AAE-88F5-9CFFAC529127}.Release|Any CPU.ActiveCfg = Release|Any CPU
		{7303D201-A828-4AAE-88F5-9CFFAC529127}.Release|Any CPU.Build.0 = Release|Any CPU
	EndGlobalSection
	GlobalSection(SolutionProperties) = preSolution
		HideSolutionNode = FALSE
	EndGlobalSection
	GlobalSection(ExtensibilityGlobals) = postSolution
		SolutionGuid = {9AF77147-7E20-4069-B706-6FCD050AD069}
	EndGlobalSection
EndGlobal
